
Microsoft Visual Studio Solution File, Format Version 12.00
Project("{FAE04EC0-301F-11D3-BF4B-00C04F79EFBC}") = "Database", "Database\Database.csproj", "{2C56710C-FE59-4B0F-ADD5-ADE25B7CCEB8}"
EndProject
Project("{FAE04EC0-301F-11D3-BF4B-00C04F79EFBC}") = "Administration", "Administration\Administration.csproj", "{18F1ADBB-0564-45C6-8A88-2ADDDB7219AB}"
EndProject
Global
	GlobalSection(SolutionConfigurationPlatforms) = preSolution
		Debug|Any CPU = Debug|Any CPU
		Release|Any CPU = Release|Any CPU
	EndGlobalSection
	GlobalSection(ProjectConfigurationPlatforms) = postSolution
		{2C56710C-FE59-4B0F-ADD5-ADE25B7CCEB8}.Debug|Any CPU.ActiveCfg = Debug|Any CPU
		{2C56710C-FE59-4B0F-ADD5-ADE25B7CCEB8}.Debug|Any CPU.Build.0 = Debug|Any CPU
		{2C56710C-FE59-4B0F-ADD5-ADE25B7CCEB8}.Release|Any CPU.ActiveCfg = Release|Any CPU
		{2C56710C-FE59-4B0F-ADD5-ADE25B7CCEB8}.Release|Any CPU.Build.0 = Release|Any CPU
		{18F1ADBB-0564-45C6-8A88-2ADDDB7219AB}.Debug|Any CPU.ActiveCfg = Debug|Any CPU
		{18F1ADBB-0564-45C6-8A88-2ADDDB7219AB}.Debug|Any CPU.Build.0 = Debug|Any CPU
		{18F1ADBB-0564-45C6-8A88-2ADDDB7219AB}.Release|Any CPU.ActiveCfg = Release|Any CPU
		{18F1ADBB-0564-45C6-8A88-2ADDDB7219AB}.Release|Any CPU.Build.0 = Release|Any CPU
	EndGlobalSection
EndGlobal
